
Microsoft Visual Studio Solution File, Format Version 12.00
# Visual Studio Version 17
VisualStudioVersion = 17.0.31903.59
MinimumVisualStudioVersion = 10.0.40219.1
Project("{9A19103F-16F7-4668-BE54-9A1E7A4F7556}") = "ExamensArbeteCoPilotVsDev", "ExamensArbeteCoPilotVsDev\ExamensArbeteCoPilotVsDev.csproj", "{2672BD5C-F995-4C05-B38C-40C638B6EA56}"
EndProject
Project("{9A19103F-16F7-4668-BE54-9A1E7A4F7556}") = "w3schools", "w3schools\w3schools.csproj", "{3D24F011-CC6B-4466-9A62-BDE02FC53D58}"
EndProject
Project("{FAE04EC0-301F-11D3-BF4B-00C04F79EFBC}") = "Kattis", "Kattis\Kattis.csproj", "{3DAAA2C5-3703-4E3C-AB3B-47BD811B03DC}"
EndProject
Global
	GlobalSection(SolutionConfigurationPlatforms) = preSolution
		Debug|Any CPU = Debug|Any CPU
		Release|Any CPU = Release|Any CPU
	EndGlobalSection
	GlobalSection(ProjectConfigurationPlatforms) = postSolution
		{2672BD5C-F995-4C05-B38C-40C638B6EA56}.Debug|Any CPU.ActiveCfg = Debug|Any CPU
		{2672BD5C-F995-4C05-B38C-40C638B6EA56}.Debug|Any CPU.Build.0 = Debug|Any CPU
		{2672BD5C-F995-4C05-B38C-40C638B6EA56}.Release|Any CPU.ActiveCfg = Release|Any CPU
		{2672BD5C-F995-4C05-B38C-40C638B6EA56}.Release|Any CPU.Build.0 = Release|Any CPU
		{3D24F011-CC6B-4466-9A62-BDE02FC53D58}.Debug|Any CPU.ActiveCfg = Debug|Any CPU
		{3D24F011-CC6B-4466-9A62-BDE02FC53D58}.Debug|Any CPU.Build.0 = Debug|Any CPU
		{3D24F011-CC6B-4466-9A62-BDE02FC53D58}.Release|Any CPU.ActiveCfg = Release|Any CPU
		{3D24F011-CC6B-4466-9A62-BDE02FC53D58}.Release|Any CPU.Build.0 = Release|Any CPU
		{3DAAA2C5-3703-4E3C-AB3B-47BD811B03DC}.Debug|Any CPU.ActiveCfg = Debug|Any CPU
		{3DAAA2C5-3703-4E3C-AB3B-47BD811B03DC}.Debug|Any CPU.Build.0 = Debug|Any CPU
		{3DAAA2C5-3703-4E3C-AB3B-47BD811B03DC}.Release|Any CPU.ActiveCfg = Release|Any CPU
		{3DAAA2C5-3703-4E3C-AB3B-47BD811B03DC}.Release|Any CPU.Build.0 = Release|Any CPU
	EndGlobalSection
	GlobalSection(SolutionProperties) = preSolution
		HideSolutionNode = FALSE
	EndGlobalSection
	GlobalSection(ExtensibilityGlobals) = postSolution
		SolutionGuid = {85E3FAF2-F4B0-450D-B655-E8ED0039C438}
	EndGlobalSection
EndGlobal
